# This file is automatically @generated by Cargo.
# It is not intended for manual editing.
version = 3

[[package]]
name = "awint"
version = "0.7.0"
source = "registry+https://github.com/rust-lang/crates.io-index"
checksum = "c3e325957171f6feee57061fe854fb3c347dc1e36240e100fdc973abb4d44295"
dependencies = [
 "awint_core",
 "awint_macros",
]

[[package]]
name = "awint_core"
version = "0.7.0"
source = "registry+https://github.com/rust-lang/crates.io-index"
checksum = "e6f9d84a5081cad56411318ac96378809215d740b29dd42d57d4060b86d504f7"
dependencies = [
 "awint_internals",
 "const_fn",
]

[[package]]
name = "awint_ext"
version = "0.7.0"
source = "registry+https://github.com/rust-lang/crates.io-index"
checksum = "ca687b09eefe6ebbd28949b40678eab5a51e51f5398b4103e08d42be05ddca57"
dependencies = [
 "awint_core",
 "awint_internals",
 "const_fn",
]

[[package]]
name = "awint_internals"
version = "0.7.0"
source = "registry+https://github.com/rust-lang/crates.io-index"
checksum = "12c0850bbc49e8f6eaa6c8c02dd864787cfb504a1becaba303266dec74f429e0"

[[package]]
name = "awint_macro_internals"
version = "0.7.0"
source = "registry+https://github.com/rust-lang/crates.io-index"
checksum = "86a2b0e1ce0d31efffe212ccb024cdb7aac0c6014d24bf63ff642e42b5c4eaf2"
dependencies = [
 "awint_core",
 "awint_ext",
 "proc-macro2",
 "triple_arena",
]

[[package]]
name = "awint_macros"
version = "0.7.0"
source = "registry+https://github.com/rust-lang/crates.io-index"
checksum = "48e12a7d72b4b19507b0c849444573325f9add7808d86520f1e1c857ef7ea800"
dependencies = [
 "awint_internals",
 "awint_macro_internals",
]

[[package]]
name = "const_fn"
version = "0.4.9"
source = "registry+https://github.com/rust-lang/crates.io-index"
checksum = "fbdcdcb6d86f71c5e97409ad45898af11cbc995b4ee8112d59095a28d376c935"

[[package]]
name = "noble-secp256k1"
version = "0.1.0"
dependencies = [
 "awint",
]

[[package]]
name = "proc-macro2"
version = "1.0.51"
source = "registry+https://github.com/rust-lang/crates.io-index"
checksum = "5d727cae5b39d21da60fa540906919ad737832fe0b1c165da3a34d6548c849d6"
dependencies = [
 "unicode-ident",
]

[[package]]
name = "triple_arena"
version = "0.6.0"
source = "registry+https://github.com/rust-lang/crates.io-index"
checksum = "3c004b803cd5b65973757ecf2a4bccc676a98a6c0e7063cc7d976ca3dee83ae3"

[[package]]
name = "unicode-ident"
version = "1.0.7"
source = "registry+https://github.com/rust-lang/crates.io-index"
checksum = "775c11906edafc97bc378816b94585fbd9a054eabaf86fdd0ced94af449efab7"
